<?xml version="1.0" encoding="utf-8"?>
<Project ToolsVersion="4.0" xmlns="http://schemas.microsoft.com/developer/msbuild/2003">
  <ItemGroup>
    <Filter Include="Source Files">
      <UniqueIdentifier>{4FC737F1-C7A5-4376-A066-2A32D752A2FF}</UniqueIdentifier>
      <Extensions>cpp;c;cc;cxx;def;odl;idl;hpj;bat;asm;asmx</Extensions>
    </Filter>
    <Filter Include="Header Files">
      <UniqueIdentifier>{93995380-89BD-4b04-88EB-625FBE52EBFB}</UniqueIdentifier>
      <Extensions>h;hh;hpp;hxx;hm;inl;inc;xsd</Extensions>
    </Filter>
    <Filter Include="Resource Files">
      <UniqueIdentifier>{67DA6AB6-F800-4c08-8B7A-83BB121AAD01}</UniqueIdentifier>
      <Extensions>rc;ico;cur;bmp;dlg;rc2;rct;bin;rgs;gif;jpg;jpeg;jpe;resx;tiff;tif;png;wav;mfcribbon-ms</Extensions>
    </Filter>
    <Filter Include="Header Files\math">
      <UniqueIdentifier>{077cd22e-0905-4d58-a9d9-bd7afdb41519}</UniqueIdentifier>
    </Filter>
    <Filter Include="Source Files\math">
      <UniqueIdentifier>{cd4320ba-2d0e-49ef-992b-21110b82b9a0}</UniqueIdentifier>
    </Filter>
  </ItemGroup>
  <ItemGroup>
    <ClInclude Include="stdafx.h">
      <Filter>Header Files</Filter>
    </ClInclude>
    <ClInclude Include="targetver.h">
      <Filter>Header Files</Filter>
    </ClInclude>
    <ClInclude Include="TextureBank.h">
      <Filter>Header Files</Filter>
    </ClInclude>
    <ClInclude Include="catch.hpp">
      <Filter>Header Files</Filter>
    </ClInclude>
    <ClInclude Include="GameWorld.h">
      <Filter>Header Files</Filter>
    </ClInclude>
    <ClInclude Include="GameWorldInput.h">
      <Filter>Header Files</Filter>
    </ClInclude>
    <ClInclude Include="TileMap.h">
      <Filter>Header Files</Filter>
    </ClInclude>
    <ClInclude Include="MYComponents.h">
      <Filter>Header Files</Filter>
    </ClInclude>
    <ClInclude Include="EntityBuilder.h">
      <Filter>Header Files</Filter>
    </ClInclude>
    <ClInclude Include="WorldRenderer.h">
      <Filter>Header Files</Filter>
    </ClInclude>
    <ClInclude Include="MYSystems.h">
      <Filter>Header Files</Filter>
    </ClInclude>
    <ClInclude Include="vector2.h">
      <Filter>Header Files</Filter>
    </ClInclude>
    <ClInclude Include="EntityAPI.h">
      <Filter>Header Files</Filter>
    </ClInclude>
    <ClInclude Include="EntityAI.h">
      <Filter>Header Files</Filter>
    </ClInclude>
    <ClInclude Include="Collision.h">
      <Filter>Header Files\math</Filter>
    </ClInclude>
    <ClInclude Include="PathFinder.h">
      <Filter>Header Files</Filter>
    </ClInclude>
    <ClInclude Include="..\..\FI\FI\Json.h">
      <Filter>Header Files</Filter>
    </ClInclude>
    <ClInclude Include="resource.h">
      <Filter>Header Files</Filter>
    </ClInclude>
    <ClInclude Include="WindowControl.h">
      <Filter>Header Files</Filter>
    </ClInclude>
    <ClInclude Include="Circle.h">
      <Filter>Header Files</Filter>
    </ClInclude>
  </ItemGroup>
  <ItemGroup>
    <ClCompile Include="stdafx.cpp">
      <Filter>Source Files</Filter>
    </ClCompile>
    <ClCompile Include="SandGrouse2.cpp">
      <Filter>Source Files</Filter>
    </ClCompile>
    <ClCompile Include="TextureBank.cpp">
      <Filter>Source Files</Filter>
    </ClCompile>
    <ClCompile Include="GameWorld.cpp">
      <Filter>Source Files</Filter>
    </ClCompile>
    <ClCompile Include="GameWorldInput.cpp">
      <Filter>Source Files</Filter>
    </ClCompile>
    <ClCompile Include="TileMap.cpp">
      <Filter>Source Files</Filter>
    </ClCompile>
    <ClCompile Include="MYComponents.cpp">
      <Filter>Source Files</Filter>
    </ClCompile>
    <ClCompile Include="EntityBuilder.cpp">
      <Filter>Source Files</Filter>
    </ClCompile>
    <ClCompile Include="WorldRenderer.cpp">
      <Filter>Source Files</Filter>
    </ClCompile>
    <ClCompile Include="MYSystems.cpp">
      <Filter>Source Files</Filter>
    </ClCompile>
    <ClCompile Include="vector2.cpp">
      <Filter>Source Files</Filter>
    </ClCompile>
    <ClCompile Include="EntityAPI.cpp">
      <Filter>Source Files</Filter>
    </ClCompile>
    <ClCompile Include="EntityAI.cpp">
      <Filter>Source Files</Filter>
    </ClCompile>
    <ClCompile Include="Collision.cpp">
      <Filter>Source Files\math</Filter>
    </ClCompile>
    <ClCompile Include="PathFinder.cpp">
      <Filter>Source Files</Filter>
    </ClCompile>
    <ClCompile Include="WindowControl.cpp">
      <Filter>Source Files</Filter>
    </ClCompile>
    <ClCompile Include="Circle.cpp">
      <Filter>Source Files</Filter>
    </ClCompile>
  </ItemGroup>
  <ItemGroup>
    <Library Include="ecstasy.lib">
      <Filter>Source Files</Filter>
    </Library>
  </ItemGroup>
  <ItemGroup>
    <None Include="blueprints\bed.def">
      <Filter>Resource Files</Filter>
    </None>
    <None Include="blueprints\hank.def">
      <Filter>Resource Files</Filter>
    </None>
    <None Include="blueprints\railBullet.def">
      <Filter>Resource Files</Filter>
    </None>
    <None Include="blueprints\chicken.def">
      <Filter>Resource Files</Filter>
    </None>
    <None Include="level1.json">
      <Filter>Resource Files</Filter>
    </None>
    <None Include="blueprints\archer.def">
      <Filter>Resource Files</Filter>
    </None>
  </ItemGroup>
  <ItemGroup>
    <ResourceCompile Include="SandGrouse2.rc">
      <Filter>Resource Files</Filter>
    </ResourceCompile>
  </ItemGroup>
</Project>